
Microsoft Visual Studio Solution File, Format Version 12.00
# Visual Studio Version 16
VisualStudioVersion = 16.0.30804.86
MinimumVisualStudioVersion = 10.0.40219.1
Project("{FAE04EC0-301F-11D3-BF4B-00C04F79EFBC}") = "LabTask-2", "LabTask-2\LabTask-2.csproj", "{8ABC9B02-EBA9-428C-B867-9BECCEFB83DE}"
EndProject
Global
	GlobalSection(SolutionConfigurationPlatforms) = preSolution
		Debug|Any CPU = Debug|Any CPU
		Release|Any CPU = Release|Any CPU
	EndGlobalSection
	GlobalSection(ProjectConfigurationPlatforms) = postSolution
		{8ABC9B02-EBA9-428C-B867-9BECCEFB83DE}.Debug|Any CPU.ActiveCfg = Debug|Any CPU
		{8ABC9B02-EBA9-428C-B867-9BECCEFB83DE}.Debug|Any CPU.Build.0 = Debug|Any CPU
		{8ABC9B02-EBA9-428C-B867-9BECCEFB83DE}.Release|Any CPU.ActiveCfg = Release|Any CPU
		{8ABC9B02-EBA9-428C-B867-9BECCEFB83DE}.Release|Any CPU.Build.0 = Release|Any CPU
	EndGlobalSection
	GlobalSection(SolutionProperties) = preSolution
		HideSolutionNode = FALSE
	EndGlobalSection
	GlobalSection(ExtensibilityGlobals) = postSolution
		SolutionGuid = {11BC0070-9E8C-4096-85BF-4BF9E7E739A4}
	EndGlobalSection
EndGlobal
